
Microsoft Visual Studio Solution File, Format Version 12.00
# Visual Studio Version 17
VisualStudioVersion = 17.3.32811.315
MinimumVisualStudioVersion = 10.0.40219.1
Project("{9A19103F-16F7-4668-BE54-9A1E7A4F7556}") = "Main", "main\Main.csproj", "{B774B6D1-BAE7-420B-95A8-1F5252E77A05}"
EndProject
Project("{9A19103F-16F7-4668-BE54-9A1E7A4F7556}") = "2022", "2022\2022.csproj", "{A328E49A-D43E-4646-A7DF-5D3ACFB41934}"
EndProject
Project("{9A19103F-16F7-4668-BE54-9A1E7A4F7556}") = "Common", "Common\Common.csproj", "{F1CE8039-FD3E-4047-80BA-2BCD17CE72C2}"
EndProject
Project("{9A19103F-16F7-4668-BE54-9A1E7A4F7556}") = "2015", "2015\2015.csproj", "{46852998-4CC2-4BD1-A1EF-B7FE4832D4DE}"
EndProject
Project("{9A19103F-16F7-4668-BE54-9A1E7A4F7556}") = "Testing", "Testing\Testing.csproj", "{21CF39E2-BE7E-4CEF-90E2-B936BEC99A2F}"
EndProject
Global
	GlobalSection(SolutionConfigurationPlatforms) = preSolution
		Debug|Any CPU = Debug|Any CPU
		Release|Any CPU = Release|Any CPU
	EndGlobalSection
	GlobalSection(ProjectConfigurationPlatforms) = postSolution
		{B774B6D1-BAE7-420B-95A8-1F5252E77A05}.Debug|Any CPU.ActiveCfg = Debug|Any CPU
		{B774B6D1-BAE7-420B-95A8-1F5252E77A05}.Debug|Any CPU.Build.0 = Debug|Any CPU
		{B774B6D1-BAE7-420B-95A8-1F5252E77A05}.Release|Any CPU.ActiveCfg = Release|Any CPU
		{B774B6D1-BAE7-420B-95A8-1F5252E77A05}.Release|Any CPU.Build.0 = Release|Any CPU
		{A328E49A-D43E-4646-A7DF-5D3ACFB41934}.Debug|Any CPU.ActiveCfg = Debug|Any CPU
		{A328E49A-D43E-4646-A7DF-5D3ACFB41934}.Debug|Any CPU.Build.0 = Debug|Any CPU
		{A328E49A-D43E-4646-A7DF-5D3ACFB41934}.Release|Any CPU.ActiveCfg = Release|Any CPU
		{A328E49A-D43E-4646-A7DF-5D3ACFB41934}.Release|Any CPU.Build.0 = Release|Any CPU
		{F1CE8039-FD3E-4047-80BA-2BCD17CE72C2}.Debug|Any CPU.ActiveCfg = Debug|Any CPU
		{F1CE8039-FD3E-4047-80BA-2BCD17CE72C2}.Debug|Any CPU.Build.0 = Debug|Any CPU
		{F1CE8039-FD3E-4047-80BA-2BCD17CE72C2}.Release|Any CPU.ActiveCfg = Release|Any CPU
		{F1CE8039-FD3E-4047-80BA-2BCD17CE72C2}.Release|Any CPU.Build.0 = Release|Any CPU
		{46852998-4CC2-4BD1-A1EF-B7FE4832D4DE}.Debug|Any CPU.ActiveCfg = Debug|Any CPU
		{46852998-4CC2-4BD1-A1EF-B7FE4832D4DE}.Debug|Any CPU.Build.0 = Debug|Any CPU
		{46852998-4CC2-4BD1-A1EF-B7FE4832D4DE}.Release|Any CPU.ActiveCfg = Release|Any CPU
		{46852998-4CC2-4BD1-A1EF-B7FE4832D4DE}.Release|Any CPU.Build.0 = Release|Any CPU
		{21CF39E2-BE7E-4CEF-90E2-B936BEC99A2F}.Debug|Any CPU.ActiveCfg = Debug|Any CPU
		{21CF39E2-BE7E-4CEF-90E2-B936BEC99A2F}.Debug|Any CPU.Build.0 = Debug|Any CPU
		{21CF39E2-BE7E-4CEF-90E2-B936BEC99A2F}.Release|Any CPU.ActiveCfg = Release|Any CPU
		{21CF39E2-BE7E-4CEF-90E2-B936BEC99A2F}.Release|Any CPU.Build.0 = Release|Any CPU
	EndGlobalSection
	GlobalSection(SolutionProperties) = preSolution
		HideSolutionNode = FALSE
	EndGlobalSection
	GlobalSection(ExtensibilityGlobals) = postSolution
		SolutionGuid = {B1FC3B05-9E8C-4D8B-A99C-152A564A19ED}
	EndGlobalSection
EndGlobal
